// !$*UTF8*$!
{
	archiveVersion = 1;
	classes = {
	};
	objectVersion = 56;
	objects = {

/* Begin PBXBuildFile section */
		412A20FE2B6638DD008D13A1 /* NetworkManager.swift in Sources */ = {isa = PBXBuildFile; fileRef = 412A20FD2B6638DD008D13A1 /* NetworkManager.swift */; };
		412A21002B663CE6008D13A1 /* NetworkErrors.swift in Sources */ = {isa = PBXBuildFile; fileRef = 412A20FF2B663CE6008D13A1 /* NetworkErrors.swift */; };
		412A21022B6665F3008D13A1 /* APIConfig.swift in Sources */ = {isa = PBXBuildFile; fileRef = 412A21012B6665F3008D13A1 /* APIConfig.swift */; };
		412A21042B66663F008D13A1 /* NetworkMonitor.swift in Sources */ = {isa = PBXBuildFile; fileRef = 412A21032B66663F008D13A1 /* NetworkMonitor.swift */; };
		412A21062B6668C1008D13A1 /* Auth.swift in Sources */ = {isa = PBXBuildFile; fileRef = 412A21052B6668C1008D13A1 /* Auth.swift */; };
		412A21092B666A8E008D13A1 /* KeychainWrapper.swift in Sources */ = {isa = PBXBuildFile; fileRef = 412A21072B666A8E008D13A1 /* KeychainWrapper.swift */; };
		412A210A2B666A8E008D13A1 /* KeychainItemAccessibility.swift in Sources */ = {isa = PBXBuildFile; fileRef = 412A21082B666A8E008D13A1 /* KeychainItemAccessibility.swift */; };
		412A210D2B666AF1008D13A1 /* Models.swift in Sources */ = {isa = PBXBuildFile; fileRef = 412A210C2B666AF1008D13A1 /* Models.swift */; };
		412A21152B66BEE7008D13A1 /* AboutUsViewModel.swift in Sources */ = {isa = PBXBuildFile; fileRef = 412A21142B66BEE7008D13A1 /* AboutUsViewModel.swift */; };
		412A21172B66BEF0008D13A1 /* AboutUsResponse.swift in Sources */ = {isa = PBXBuildFile; fileRef = 412A21162B66BEF0008D13A1 /* AboutUsResponse.swift */; };
		412A21192B66BEFD008D13A1 /* AboutUsAction.swift in Sources */ = {isa = PBXBuildFile; fileRef = 412A21182B66BEFD008D13A1 /* AboutUsAction.swift */; };
		412A211B2B66BFBC008D13A1 /* AboutUsView.swift in Sources */ = {isa = PBXBuildFile; fileRef = 412A211A2B66BFBC008D13A1 /* AboutUsView.swift */; };
		412A211E2B66C27D008D13A1 /* ButtonModifier.swift in Sources */ = {isa = PBXBuildFile; fileRef = 412A211D2B66C27D008D13A1 /* ButtonModifier.swift */; };
		412A21212B66F1FE008D13A1 /* ViewExtension.swift in Sources */ = {isa = PBXBuildFile; fileRef = 412A21202B66F1FE008D13A1 /* ViewExtension.swift */; };
		412A21232B6705AB008D13A1 /* LoginView.swift in Sources */ = {isa = PBXBuildFile; fileRef = 412A21222B6705AB008D13A1 /* LoginView.swift */; };
		412A21252B670B81008D13A1 /* LoginViewModel.swift in Sources */ = {isa = PBXBuildFile; fileRef = 412A21242B670B81008D13A1 /* LoginViewModel.swift */; };
		412A21272B670BCF008D13A1 /* LoginAction.swift in Sources */ = {isa = PBXBuildFile; fileRef = 412A21262B670BCF008D13A1 /* LoginAction.swift */; };
		412A21292B670C28008D13A1 /* LoginResponse.swift in Sources */ = {isa = PBXBuildFile; fileRef = 412A21282B670C28008D13A1 /* LoginResponse.swift */; };
		412A212B2B670C34008D13A1 /* LoginRequest.swift in Sources */ = {isa = PBXBuildFile; fileRef = 412A212A2B670C34008D13A1 /* LoginRequest.swift */; };
		412A212D2B671F3E008D13A1 /* ProfileView.swift in Sources */ = {isa = PBXBuildFile; fileRef = 412A212C2B671F3E008D13A1 /* ProfileView.swift */; };
		412A212F2B672110008D13A1 /* RootScreen.swift in Sources */ = {isa = PBXBuildFile; fileRef = 412A212E2B672110008D13A1 /* RootScreen.swift */; };
		412A21312B674C21008D13A1 /* StringExtension.swift in Sources */ = {isa = PBXBuildFile; fileRef = 412A21302B674C21008D13A1 /* StringExtension.swift */; };
		418BB9BA2B684725003D5D82 /* ProfileViewModal.swift in Sources */ = {isa = PBXBuildFile; fileRef = 418BB9B92B684725003D5D82 /* ProfileViewModal.swift */; };
		418BB9BC2B684736003D5D82 /* ProfileAction.swift in Sources */ = {isa = PBXBuildFile; fileRef = 418BB9BB2B684736003D5D82 /* ProfileAction.swift */; };
		418BB9BE2B68474E003D5D82 /* ProfileRequest.swift in Sources */ = {isa = PBXBuildFile; fileRef = 418BB9BD2B68474E003D5D82 /* ProfileRequest.swift */; };
		418BB9C02B68475C003D5D82 /* ProfileResponse.swift in Sources */ = {isa = PBXBuildFile; fileRef = 418BB9BF2B68475C003D5D82 /* ProfileResponse.swift */; };
		418BB9C22B686156003D5D82 /* AboutUsRequest.swift in Sources */ = {isa = PBXBuildFile; fileRef = 418BB9C12B686156003D5D82 /* AboutUsRequest.swift */; };
		418BB9C42B68638C003D5D82 /* ActivityIndicatorModifier.swift in Sources */ = {isa = PBXBuildFile; fileRef = 418BB9C32B68638C003D5D82 /* ActivityIndicatorModifier.swift */; };
		418BB9C62B686E83003D5D82 /* AuthorAction.swift in Sources */ = {isa = PBXBuildFile; fileRef = 418BB9C52B686E83003D5D82 /* AuthorAction.swift */; };
		418BB9C82B686EEE003D5D82 /* AuthorRequest.swift in Sources */ = {isa = PBXBuildFile; fileRef = 418BB9C72B686EEE003D5D82 /* AuthorRequest.swift */; };
		418BB9CA2B686F03003D5D82 /* AuthorResponse.swift in Sources */ = {isa = PBXBuildFile; fileRef = 418BB9C92B686F03003D5D82 /* AuthorResponse.swift */; };
		418BB9CC2B68D509003D5D82 /* QuoteAction.swift in Sources */ = {isa = PBXBuildFile; fileRef = 418BB9CB2B68D509003D5D82 /* QuoteAction.swift */; };
		418BB9CE2B68D5CE003D5D82 /* QuoteRequest.swift in Sources */ = {isa = PBXBuildFile; fileRef = 418BB9CD2B68D5CE003D5D82 /* QuoteRequest.swift */; };
		418BB9D02B68D5D9003D5D82 /* QuoteResponse.swift in Sources */ = {isa = PBXBuildFile; fileRef = 418BB9CF2B68D5D9003D5D82 /* QuoteResponse.swift */; };
		41E783612B644ADA00328604 /* SliceitApp.swift in Sources */ = {isa = PBXBuildFile; fileRef = 41E783602B644ADA00328604 /* SliceitApp.swift */; };
		41E783632B644ADA00328604 /* HomeView.swift in Sources */ = {isa = PBXBuildFile; fileRef = 41E783622B644ADA00328604 /* HomeView.swift */; };
		41E783652B644ADC00328604 /* Assets.xcassets in Resources */ = {isa = PBXBuildFile; fileRef = 41E783642B644ADC00328604 /* Assets.xcassets */; };
		41E783682B644ADC00328604 /* Preview Assets.xcassets in Resources */ = {isa = PBXBuildFile; fileRef = 41E783672B644ADC00328604 /* Preview Assets.xcassets */; };
/* End PBXBuildFile section */

/* Begin PBXFileReference section */
		412A20FD2B6638DD008D13A1 /* NetworkManager.swift */ = {isa = PBXFileReference; lastKnownFileType = sourcecode.swift; path = NetworkManager.swift; sourceTree = "<group>"; };
		412A20FF2B663CE6008D13A1 /* NetworkErrors.swift */ = {isa = PBXFileReference; lastKnownFileType = sourcecode.swift; path = NetworkErrors.swift; sourceTree = "<group>"; };
		412A21012B6665F3008D13A1 /* APIConfig.swift */ = {isa = PBXFileReference; lastKnownFileType = sourcecode.swift; path = APIConfig.swift; sourceTree = "<group>"; };
		412A21032B66663F008D13A1 /* NetworkMonitor.swift */ = {isa = PBXFileReference; lastKnownFileType = sourcecode.swift; path = NetworkMonitor.swift; sourceTree = "<group>"; };
		412A21052B6668C1008D13A1 /* Auth.swift */ = {isa = PBXFileReference; lastKnownFileType = sourcecode.swift; path = Auth.swift; sourceTree = "<group>"; };
		412A21072B666A8E008D13A1 /* KeychainWrapper.swift */ = {isa = PBXFileReference; fileEncoding = 4; lastKnownFileType = sourcecode.swift; path = KeychainWrapper.swift; sourceTree = "<group>"; };
		412A21082B666A8E008D13A1 /* KeychainItemAccessibility.swift */ = {isa = PBXFileReference; fileEncoding = 4; lastKnownFileType = sourcecode.swift; path = KeychainItemAccessibility.swift; sourceTree = "<group>"; };
		412A210C2B666AF1008D13A1 /* Models.swift */ = {isa = PBXFileReference; lastKnownFileType = sourcecode.swift; path = Models.swift; sourceTree = "<group>"; };
		412A21142B66BEE7008D13A1 /* AboutUsViewModel.swift */ = {isa = PBXFileReference; fileEncoding = 4; lastKnownFileType = sourcecode.swift; path = AboutUsViewModel.swift; sourceTree = "<group>"; };
		412A21162B66BEF0008D13A1 /* AboutUsResponse.swift */ = {isa = PBXFileReference; fileEncoding = 4; lastKnownFileType = sourcecode.swift; path = AboutUsResponse.swift; sourceTree = "<group>"; };
		412A21182B66BEFD008D13A1 /* AboutUsAction.swift */ = {isa = PBXFileReference; fileEncoding = 4; lastKnownFileType = sourcecode.swift; path = AboutUsAction.swift; sourceTree = "<group>"; };
		412A211A2B66BFBC008D13A1 /* AboutUsView.swift */ = {isa = PBXFileReference; lastKnownFileType = sourcecode.swift; path = AboutUsView.swift; sourceTree = "<group>"; };
		412A211D2B66C27D008D13A1 /* ButtonModifier.swift */ = {isa = PBXFileReference; lastKnownFileType = sourcecode.swift; path = ButtonModifier.swift; sourceTree = "<group>"; };
		412A21202B66F1FE008D13A1 /* ViewExtension.swift */ = {isa = PBXFileReference; lastKnownFileType = sourcecode.swift; path = ViewExtension.swift; sourceTree = "<group>"; };
		412A21222B6705AB008D13A1 /* LoginView.swift */ = {isa = PBXFileReference; lastKnownFileType = sourcecode.swift; path = LoginView.swift; sourceTree = "<group>"; };
		412A21242B670B81008D13A1 /* LoginViewModel.swift */ = {isa = PBXFileReference; lastKnownFileType = sourcecode.swift; path = LoginViewModel.swift; sourceTree = "<group>"; };
		412A21262B670BCF008D13A1 /* LoginAction.swift */ = {isa = PBXFileReference; lastKnownFileType = sourcecode.swift; path = LoginAction.swift; sourceTree = "<group>"; };
		412A21282B670C28008D13A1 /* LoginResponse.swift */ = {isa = PBXFileReference; lastKnownFileType = sourcecode.swift; path = LoginResponse.swift; sourceTree = "<group>"; };
		412A212A2B670C34008D13A1 /* LoginRequest.swift */ = {isa = PBXFileReference; lastKnownFileType = sourcecode.swift; path = LoginRequest.swift; sourceTree = "<group>"; };
		412A212C2B671F3E008D13A1 /* ProfileView.swift */ = {isa = PBXFileReference; lastKnownFileType = sourcecode.swift; path = ProfileView.swift; sourceTree = "<group>"; };
		412A212E2B672110008D13A1 /* RootScreen.swift */ = {isa = PBXFileReference; lastKnownFileType = sourcecode.swift; path = RootScreen.swift; sourceTree = "<group>"; };
		412A21302B674C21008D13A1 /* StringExtension.swift */ = {isa = PBXFileReference; lastKnownFileType = sourcecode.swift; path = StringExtension.swift; sourceTree = "<group>"; };
		418BB9B92B684725003D5D82 /* ProfileViewModal.swift */ = {isa = PBXFileReference; lastKnownFileType = sourcecode.swift; path = ProfileViewModal.swift; sourceTree = "<group>"; };
		418BB9BB2B684736003D5D82 /* ProfileAction.swift */ = {isa = PBXFileReference; lastKnownFileType = sourcecode.swift; path = ProfileAction.swift; sourceTree = "<group>"; };
		418BB9BD2B68474E003D5D82 /* ProfileRequest.swift */ = {isa = PBXFileReference; lastKnownFileType = sourcecode.swift; path = ProfileRequest.swift; sourceTree = "<group>"; };
		418BB9BF2B68475C003D5D82 /* ProfileResponse.swift */ = {isa = PBXFileReference; lastKnownFileType = sourcecode.swift; path = ProfileResponse.swift; sourceTree = "<group>"; };
		418BB9C12B686156003D5D82 /* AboutUsRequest.swift */ = {isa = PBXFileReference; lastKnownFileType = sourcecode.swift; path = AboutUsRequest.swift; sourceTree = "<group>"; };
		418BB9C32B68638C003D5D82 /* ActivityIndicatorModifier.swift */ = {isa = PBXFileReference; lastKnownFileType = sourcecode.swift; path = ActivityIndicatorModifier.swift; sourceTree = "<group>"; };
		418BB9C52B686E83003D5D82 /* AuthorAction.swift */ = {isa = PBXFileReference; lastKnownFileType = sourcecode.swift; path = AuthorAction.swift; sourceTree = "<group>"; };
		418BB9C72B686EEE003D5D82 /* AuthorRequest.swift */ = {isa = PBXFileReference; lastKnownFileType = sourcecode.swift; path = AuthorRequest.swift; sourceTree = "<group>"; };
		418BB9C92B686F03003D5D82 /* AuthorResponse.swift */ = {isa = PBXFileReference; lastKnownFileType = sourcecode.swift; path = AuthorResponse.swift; sourceTree = "<group>"; };
		418BB9CB2B68D509003D5D82 /* QuoteAction.swift */ = {isa = PBXFileReference; lastKnownFileType = sourcecode.swift; path = QuoteAction.swift; sourceTree = "<group>"; };
		418BB9CD2B68D5CE003D5D82 /* QuoteRequest.swift */ = {isa = PBXFileReference; lastKnownFileType = sourcecode.swift; path = QuoteRequest.swift; sourceTree = "<group>"; };
		418BB9CF2B68D5D9003D5D82 /* QuoteResponse.swift */ = {isa = PBXFileReference; lastKnownFileType = sourcecode.swift; path = QuoteResponse.swift; sourceTree = "<group>"; };
		41E7835D2B644ADA00328604 /* Sliceit.app */ = {isa = PBXFileReference; explicitFileType = wrapper.application; includeInIndex = 0; path = Sliceit.app; sourceTree = BUILT_PRODUCTS_DIR; };
		41E783602B644ADA00328604 /* SliceitApp.swift */ = {isa = PBXFileReference; lastKnownFileType = sourcecode.swift; path = SliceitApp.swift; sourceTree = "<group>"; };
		41E783622B644ADA00328604 /* HomeView.swift */ = {isa = PBXFileReference; lastKnownFileType = sourcecode.swift; path = HomeView.swift; sourceTree = "<group>"; };
		41E783642B644ADC00328604 /* Assets.xcassets */ = {isa = PBXFileReference; lastKnownFileType = folder.assetcatalog; path = Assets.xcassets; sourceTree = "<group>"; };
		41E783672B644ADC00328604 /* Preview Assets.xcassets */ = {isa = PBXFileReference; lastKnownFileType = folder.assetcatalog; path = "Preview Assets.xcassets"; sourceTree = "<group>"; };
/* End PBXFileReference section */

/* Begin PBXFrameworksBuildPhase section */
		41E7835A2B644ADA00328604 /* Frameworks */ = {
			isa = PBXFrameworksBuildPhase;
			buildActionMask = 2147483647;
			files = (
			);
			runOnlyForDeploymentPostprocessing = 0;
		};
/* End PBXFrameworksBuildPhase section */

/* Begin PBXGroup section */
		412A20E32B663562008D13A1 /* Screens */ = {
			isa = PBXGroup;
			children = (
				412A20E42B663562008D13A1 /* Home */,
				412A20F72B6637EB008D13A1 /* About */,
				412A20F22B663743008D13A1 /* Login */,
				412A20E92B663575008D13A1 /* Profile */,
				412A212E2B672110008D13A1 /* RootScreen.swift */,
			);
			path = Screens;
			sourceTree = "<group>";
		};
		412A20E42B663562008D13A1 /* Home */ = {
			isa = PBXGroup;
			children = (
				412A20EE2B6635E6008D13A1 /* Models */,
				412A20EC2B6635D8008D13A1 /* Views */,
				412A20ED2B6635DE008D13A1 /* ViewModels */,
				412A20EF2B6635F0008D13A1 /* Actions */,
			);
			path = Home;
			sourceTree = "<group>";
		};
		412A20E92B663575008D13A1 /* Profile */ = {
			isa = PBXGroup;
			children = (
				412A20F12B663602008D13A1 /* Models */,
				412A20EB2B663592008D13A1 /* Views */,
				412A20EA2B663589008D13A1 /* ViewModels */,
				412A20F02B6635F8008D13A1 /* Actions */,
			);
			path = Profile;
			sourceTree = "<group>";
		};
		412A20EA2B663589008D13A1 /* ViewModels */ = {
			isa = PBXGroup;
			children = (
				418BB9B92B684725003D5D82 /* ProfileViewModal.swift */,
			);
			path = ViewModels;
			sourceTree = "<group>";
		};
		412A20EB2B663592008D13A1 /* Views */ = {
			isa = PBXGroup;
			children = (
				412A212C2B671F3E008D13A1 /* ProfileView.swift */,
			);
			path = Views;
			sourceTree = "<group>";
		};
		412A20EC2B6635D8008D13A1 /* Views */ = {
			isa = PBXGroup;
			children = (
				41E783622B644ADA00328604 /* HomeView.swift */,
			);
			path = Views;
			sourceTree = "<group>";
		};
		412A20ED2B6635DE008D13A1 /* ViewModels */ = {
			isa = PBXGroup;
			children = (
			);
			path = ViewModels;
			sourceTree = "<group>";
		};
		412A20EE2B6635E6008D13A1 /* Models */ = {
			isa = PBXGroup;
			children = (
			);
			path = Models;
			sourceTree = "<group>";
		};
		412A20EF2B6635F0008D13A1 /* Actions */ = {
			isa = PBXGroup;
			children = (
			);
			path = Actions;
			sourceTree = "<group>";
		};
		412A20F02B6635F8008D13A1 /* Actions */ = {
			isa = PBXGroup;
			children = (
				418BB9BB2B684736003D5D82 /* ProfileAction.swift */,
				418BB9C52B686E83003D5D82 /* AuthorAction.swift */,
				418BB9CB2B68D509003D5D82 /* QuoteAction.swift */,
			);
			path = Actions;
			sourceTree = "<group>";
		};
		412A20F12B663602008D13A1 /* Models */ = {
			isa = PBXGroup;
			children = (
				418BB9BD2B68474E003D5D82 /* ProfileRequest.swift */,
				418BB9BF2B68475C003D5D82 /* ProfileResponse.swift */,
				418BB9C72B686EEE003D5D82 /* AuthorRequest.swift */,
				418BB9C92B686F03003D5D82 /* AuthorResponse.swift */,
				418BB9CD2B68D5CE003D5D82 /* QuoteRequest.swift */,
				418BB9CF2B68D5D9003D5D82 /* QuoteResponse.swift */,
			);
			path = Models;
			sourceTree = "<group>";
		};
		412A20F22B663743008D13A1 /* Login */ = {
			isa = PBXGroup;
			children = (
				412A20F62B663763008D13A1 /* Models */,
				412A20F52B66375D008D13A1 /* Views */,
				412A20F42B663755008D13A1 /* ViewModels */,
				412A20F32B66374B008D13A1 /* Actions */,
			);
			path = Login;
			sourceTree = "<group>";
		};
		412A20F32B66374B008D13A1 /* Actions */ = {
			isa = PBXGroup;
			children = (
				412A21262B670BCF008D13A1 /* LoginAction.swift */,
			);
			path = Actions;
			sourceTree = "<group>";
		};
		412A20F42B663755008D13A1 /* ViewModels */ = {
			isa = PBXGroup;
			children = (
				412A21242B670B81008D13A1 /* LoginViewModel.swift */,
			);
			path = ViewModels;
			sourceTree = "<group>";
		};
		412A20F52B66375D008D13A1 /* Views */ = {
			isa = PBXGroup;
			children = (
				412A21222B6705AB008D13A1 /* LoginView.swift */,
			);
			path = Views;
			sourceTree = "<group>";
		};
		412A20F62B663763008D13A1 /* Models */ = {
			isa = PBXGroup;
			children = (
				412A21282B670C28008D13A1 /* LoginResponse.swift */,
				412A212A2B670C34008D13A1 /* LoginRequest.swift */,
			);
			path = Models;
			sourceTree = "<group>";
		};
		412A20F72B6637EB008D13A1 /* About */ = {
			isa = PBXGroup;
			children = (
				412A20FB2B663809008D13A1 /* Models */,
				412A20FA2B663803008D13A1 /* Views */,
				412A20F92B6637FB008D13A1 /* ViewModels */,
				412A20F82B6637F4008D13A1 /* Actions */,
			);
			path = About;
			sourceTree = "<group>";
		};
		412A20F82B6637F4008D13A1 /* Actions */ = {
			isa = PBXGroup;
			children = (
				412A21182B66BEFD008D13A1 /* AboutUsAction.swift */,
			);
			path = Actions;
			sourceTree = "<group>";
		};
		412A20F92B6637FB008D13A1 /* ViewModels */ = {
			isa = PBXGroup;
			children = (
				412A21142B66BEE7008D13A1 /* AboutUsViewModel.swift */,
			);
			path = ViewModels;
			sourceTree = "<group>";
		};
		412A20FA2B663803008D13A1 /* Views */ = {
			isa = PBXGroup;
			children = (
				412A211A2B66BFBC008D13A1 /* AboutUsView.swift */,
			);
			path = Views;
			sourceTree = "<group>";
		};
		412A20FB2B663809008D13A1 /* Models */ = {
			isa = PBXGroup;
			children = (
				412A21162B66BEF0008D13A1 /* AboutUsResponse.swift */,
				418BB9C12B686156003D5D82 /* AboutUsRequest.swift */,
			);
			path = Models;
			sourceTree = "<group>";
		};
		412A20FC2B6638B9008D13A1 /* Network */ = {
			isa = PBXGroup;
			children = (
				412A20FD2B6638DD008D13A1 /* NetworkManager.swift */,
				412A20FF2B663CE6008D13A1 /* NetworkErrors.swift */,
				412A21012B6665F3008D13A1 /* APIConfig.swift */,
				412A21032B66663F008D13A1 /* NetworkMonitor.swift */,
				412A21052B6668C1008D13A1 /* Auth.swift */,
				412A21082B666A8E008D13A1 /* KeychainItemAccessibility.swift */,
				412A21072B666A8E008D13A1 /* KeychainWrapper.swift */,
			);
			path = Network;
			sourceTree = "<group>";
		};
		412A210B2B666ADF008D13A1 /* Common */ = {
			isa = PBXGroup;
			children = (
				412A210C2B666AF1008D13A1 /* Models.swift */,
			);
			path = Common;
			sourceTree = "<group>";
		};
		412A211C2B66C245008D13A1 /* ViewModifiers */ = {
			isa = PBXGroup;
			children = (
				412A211D2B66C27D008D13A1 /* ButtonModifier.swift */,
				418BB9C32B68638C003D5D82 /* ActivityIndicatorModifier.swift */,
			);
			path = ViewModifiers;
			sourceTree = "<group>";
		};
		412A211F2B66F1E6008D13A1 /* Extensions */ = {
			isa = PBXGroup;
			children = (
				412A21202B66F1FE008D13A1 /* ViewExtension.swift */,
				412A21302B674C21008D13A1 /* StringExtension.swift */,
			);
			path = Extensions;
			sourceTree = "<group>";
		};
		41E783542B644ADA00328604 = {
			isa = PBXGroup;
			children = (
				41E7835F2B644ADA00328604 /* Sliceit */,
				41E7835E2B644ADA00328604 /* Products */,
			);
			sourceTree = "<group>";
		};
		41E7835E2B644ADA00328604 /* Products */ = {
			isa = PBXGroup;
			children = (
				41E7835D2B644ADA00328604 /* Sliceit.app */,
			);
			name = Products;
			sourceTree = "<group>";
		};
		41E7835F2B644ADA00328604 /* Sliceit */ = {
			isa = PBXGroup;
			children = (
				41E783602B644ADA00328604 /* SliceitApp.swift */,
				412A211F2B66F1E6008D13A1 /* Extensions */,
				412A211C2B66C245008D13A1 /* ViewModifiers */,
				412A210B2B666ADF008D13A1 /* Common */,
				412A20FC2B6638B9008D13A1 /* Network */,
				412A20E32B663562008D13A1 /* Screens */,
				41E783642B644ADC00328604 /* Assets.xcassets */,
				41E783662B644ADC00328604 /* Preview Content */,
			);
			path = Sliceit;
			sourceTree = "<group>";
		};
		41E783662B644ADC00328604 /* Preview Content */ = {
			isa = PBXGroup;
			children = (
				41E783672B644ADC00328604 /* Preview Assets.xcassets */,
			);
			path = "Preview Content";
			sourceTree = "<group>";
		};
/* End PBXGroup section */

/* Begin PBXNativeTarget section */
		41E7835C2B644ADA00328604 /* Sliceit */ = {
			isa = PBXNativeTarget;
			buildConfigurationList = 41E7836B2B644ADC00328604 /* Build configuration list for PBXNativeTarget "Sliceit" */;
			buildPhases = (
				41E783592B644ADA00328604 /* Sources */,
				41E7835A2B644ADA00328604 /* Frameworks */,
				41E7835B2B644ADA00328604 /* Resources */,
			);
			buildRules = (
			);
			dependencies = (
			);
			name = Sliceit;
			productName = Sliceit;
			productReference = 41E7835D2B644ADA00328604 /* Sliceit.app */;
			productType = "com.apple.product-type.application";
		};
/* End PBXNativeTarget section */

/* Begin PBXProject section */
		41E783552B644ADA00328604 /* Project object */ = {
			isa = PBXProject;
			attributes = {
				BuildIndependentTargetsInParallel = 1;
				LastSwiftUpdateCheck = 1430;
				LastUpgradeCheck = 1430;
				TargetAttributes = {
					41E7835C2B644ADA00328604 = {
						CreatedOnToolsVersion = 14.3;
					};
				};
			};
			buildConfigurationList = 41E783582B644ADA00328604 /* Build configuration list for PBXProject "Sliceit" */;
			compatibilityVersion = "Xcode 14.0";
			developmentRegion = en;
			hasScannedForEncodings = 0;
			knownRegions = (
				en,
				Base,
			);
			mainGroup = 41E783542B644ADA00328604;
			productRefGroup = 41E7835E2B644ADA00328604 /* Products */;
			projectDirPath = "";
			projectRoot = "";
			targets = (
				41E7835C2B644ADA00328604 /* Sliceit */,
			);
		};
/* End PBXProject section */

/* Begin PBXResourcesBuildPhase section */
		41E7835B2B644ADA00328604 /* Resources */ = {
			isa = PBXResourcesBuildPhase;
			buildActionMask = 2147483647;
			files = (
				41E783682B644ADC00328604 /* Preview Assets.xcassets in Resources */,
				41E783652B644ADC00328604 /* Assets.xcassets in Resources */,
			);
			runOnlyForDeploymentPostprocessing = 0;
		};
/* End PBXResourcesBuildPhase section */

/* Begin PBXSourcesBuildPhase section */
		41E783592B644ADA00328604 /* Sources */ = {
			isa = PBXSourcesBuildPhase;
			buildActionMask = 2147483647;
			files = (
				412A21192B66BEFD008D13A1 /* AboutUsAction.swift in Sources */,
				412A211B2B66BFBC008D13A1 /* AboutUsView.swift in Sources */,
				412A20FE2B6638DD008D13A1 /* NetworkManager.swift in Sources */,
				412A21042B66663F008D13A1 /* NetworkMonitor.swift in Sources */,
				418BB9C02B68475C003D5D82 /* ProfileResponse.swift in Sources */,
				412A21002B663CE6008D13A1 /* NetworkErrors.swift in Sources */,
				418BB9C22B686156003D5D82 /* AboutUsRequest.swift in Sources */,
				41E783632B644ADA00328604 /* HomeView.swift in Sources */,
				412A21212B66F1FE008D13A1 /* ViewExtension.swift in Sources */,
				412A21062B6668C1008D13A1 /* Auth.swift in Sources */,
				418BB9C82B686EEE003D5D82 /* AuthorRequest.swift in Sources */,
				412A21252B670B81008D13A1 /* LoginViewModel.swift in Sources */,
				412A210A2B666A8E008D13A1 /* KeychainItemAccessibility.swift in Sources */,
				418BB9CE2B68D5CE003D5D82 /* QuoteRequest.swift in Sources */,
				412A21092B666A8E008D13A1 /* KeychainWrapper.swift in Sources */,
				418BB9BA2B684725003D5D82 /* ProfileViewModal.swift in Sources */,
				418BB9C62B686E83003D5D82 /* AuthorAction.swift in Sources */,
				412A21272B670BCF008D13A1 /* LoginAction.swift in Sources */,
				412A212B2B670C34008D13A1 /* LoginRequest.swift in Sources */,
				418BB9BE2B68474E003D5D82 /* ProfileRequest.swift in Sources */,
				418BB9D02B68D5D9003D5D82 /* QuoteResponse.swift in Sources */,
				412A21232B6705AB008D13A1 /* LoginView.swift in Sources */,
				412A211E2B66C27D008D13A1 /* ButtonModifier.swift in Sources */,
				412A212F2B672110008D13A1 /* RootScreen.swift in Sources */,
				412A21292B670C28008D13A1 /* LoginResponse.swift in Sources */,
				418BB9CA2B686F03003D5D82 /* AuthorResponse.swift in Sources */,
				41E783612B644ADA00328604 /* SliceitApp.swift in Sources */,
				418BB9BC2B684736003D5D82 /* ProfileAction.swift in Sources */,
				412A21172B66BEF0008D13A1 /* AboutUsResponse.swift in Sources */,
				412A21022B6665F3008D13A1 /* APIConfig.swift in Sources */,
				412A21312B674C21008D13A1 /* StringExtension.swift in Sources */,
				418BB9CC2B68D509003D5D82 /* QuoteAction.swift in Sources */,
				412A210D2B666AF1008D13A1 /* Models.swift in Sources */,
				418BB9C42B68638C003D5D82 /* ActivityIndicatorModifier.swift in Sources */,
				412A212D2B671F3E008D13A1 /* ProfileView.swift in Sources */,
				412A21152B66BEE7008D13A1 /* AboutUsViewModel.swift in Sources */,
			);
			runOnlyForDeploymentPostprocessing = 0;
		};
/* End PBXSourcesBuildPhase section */

/* Begin XCBuildConfiguration section */
		41E783692B644ADC00328604 /* Debug */ = {
			isa = XCBuildConfiguration;
			buildSettings = {
				ALWAYS_SEARCH_USER_PATHS = NO;
				CLANG_ANALYZER_NONNULL = YES;
				CLANG_ANALYZER_NUMBER_OBJECT_CONVERSION = YES_AGGRESSIVE;
				CLANG_CXX_LANGUAGE_STANDARD = "gnu++20";
				CLANG_ENABLE_MODULES = YES;
				CLANG_ENABLE_OBJC_ARC = YES;
				CLANG_ENABLE_OBJC_WEAK = YES;
				CLANG_WARN_BLOCK_CAPTURE_AUTORELEASING = YES;
				CLANG_WARN_BOOL_CONVERSION = YES;
				CLANG_WARN_COMMA = YES;
				CLANG_WARN_CONSTANT_CONVERSION = YES;
				CLANG_WARN_DEPRECATED_OBJC_IMPLEMENTATIONS = YES;
				CLANG_WARN_DIRECT_OBJC_ISA_USAGE = YES_ERROR;
				CLANG_WARN_DOCUMENTATION_COMMENTS = YES;
				CLANG_WARN_EMPTY_BODY = YES;
				CLANG_WARN_ENUM_CONVERSION = YES;
				CLANG_WARN_INFINITE_RECURSION = YES;
				CLANG_WARN_INT_CONVERSION = YES;
				CLANG_WARN_NON_LITERAL_NULL_CONVERSION = YES;
				CLANG_WARN_OBJC_IMPLICIT_RETAIN_SELF = YES;
				CLANG_WARN_OBJC_LITERAL_CONVERSION = YES;
				CLANG_WARN_OBJC_ROOT_CLASS = YES_ERROR;
				CLANG_WARN_QUOTED_INCLUDE_IN_FRAMEWORK_HEADER = YES;
				CLANG_WARN_RANGE_LOOP_ANALYSIS = YES;
				CLANG_WARN_STRICT_PROTOTYPES = YES;
				CLANG_WARN_SUSPICIOUS_MOVE = YES;
				CLANG_WARN_UNGUARDED_AVAILABILITY = YES_AGGRESSIVE;
				CLANG_WARN_UNREACHABLE_CODE = YES;
				CLANG_WARN__DUPLICATE_METHOD_MATCH = YES;
				COPY_PHASE_STRIP = NO;
				DEBUG_INFORMATION_FORMAT = dwarf;
				ENABLE_STRICT_OBJC_MSGSEND = YES;
				ENABLE_TESTABILITY = YES;
				GCC_C_LANGUAGE_STANDARD = gnu11;
				GCC_DYNAMIC_NO_PIC = NO;
				GCC_NO_COMMON_BLOCKS = YES;
				GCC_OPTIMIZATION_LEVEL = 0;
				GCC_PREPROCESSOR_DEFINITIONS = (
					"DEBUG=1",
					"$(inherited)",
				);
				GCC_WARN_64_TO_32_BIT_CONVERSION = YES;
				GCC_WARN_ABOUT_RETURN_TYPE = YES_ERROR;
				GCC_WARN_UNDECLARED_SELECTOR = YES;
				GCC_WARN_UNINITIALIZED_AUTOS = YES_AGGRESSIVE;
				GCC_WARN_UNUSED_FUNCTION = YES;
				GCC_WARN_UNUSED_VARIABLE = YES;
				IPHONEOS_DEPLOYMENT_TARGET = 16.4;
				MTL_ENABLE_DEBUG_INFO = INCLUDE_SOURCE;
				MTL_FAST_MATH = YES;
				ONLY_ACTIVE_ARCH = YES;
				SDKROOT = iphoneos;
				SWIFT_ACTIVE_COMPILATION_CONDITIONS = DEBUG;
				SWIFT_OPTIMIZATION_LEVEL = "-Onone";
			};
			name = Debug;
		};
		41E7836A2B644ADC00328604 /* Release */ = {
			isa = XCBuildConfiguration;
			buildSettings = {
				ALWAYS_SEARCH_USER_PATHS = NO;
				CLANG_ANALYZER_NONNULL = YES;
				CLANG_ANALYZER_NUMBER_OBJECT_CONVERSION = YES_AGGRESSIVE;
				CLANG_CXX_LANGUAGE_STANDARD = "gnu++20";
				CLANG_ENABLE_MODULES = YES;
				CLANG_ENABLE_OBJC_ARC = YES;
				CLANG_ENABLE_OBJC_WEAK = YES;
				CLANG_WARN_BLOCK_CAPTURE_AUTORELEASING = YES;
				CLANG_WARN_BOOL_CONVERSION = YES;
				CLANG_WARN_COMMA = YES;
				CLANG_WARN_CONSTANT_CONVERSION = YES;
				CLANG_WARN_DEPRECATED_OBJC_IMPLEMENTATIONS = YES;
				CLANG_WARN_DIRECT_OBJC_ISA_USAGE = YES_ERROR;
				CLANG_WARN_DOCUMENTATION_COMMENTS = YES;
				CLANG_WARN_EMPTY_BODY = YES;
				CLANG_WARN_ENUM_CONVERSION = YES;
				CLANG_WARN_INFINITE_RECURSION = YES;
				CLANG_WARN_INT_CONVERSION = YES;
				CLANG_WARN_NON_LITERAL_NULL_CONVERSION = YES;
				CLANG_WARN_OBJC_IMPLICIT_RETAIN_SELF = YES;
				CLANG_WARN_OBJC_LITERAL_CONVERSION = YES;
				CLANG_WARN_OBJC_ROOT_CLASS = YES_ERROR;
				CLANG_WARN_QUOTED_INCLUDE_IN_FRAMEWORK_HEADER = YES;
				CLANG_WARN_RANGE_LOOP_ANALYSIS = YES;
				CLANG_WARN_STRICT_PROTOTYPES = YES;
				CLANG_WARN_SUSPICIOUS_MOVE = YES;
				CLANG_WARN_UNGUARDED_AVAILABILITY = YES_AGGRESSIVE;
				CLANG_WARN_UNREACHABLE_CODE = YES;
				CLANG_WARN__DUPLICATE_METHOD_MATCH = YES;
				COPY_PHASE_STRIP = NO;
				DEBUG_INFORMATION_FORMAT = "dwarf-with-dsym";
				ENABLE_NS_ASSERTIONS = NO;
				ENABLE_STRICT_OBJC_MSGSEND = YES;
				GCC_C_LANGUAGE_STANDARD = gnu11;
				GCC_NO_COMMON_BLOCKS = YES;
				GCC_WARN_64_TO_32_BIT_CONVERSION = YES;
				GCC_WARN_ABOUT_RETURN_TYPE = YES_ERROR;
				GCC_WARN_UNDECLARED_SELECTOR = YES;
				GCC_WARN_UNINITIALIZED_AUTOS = YES_AGGRESSIVE;
				GCC_WARN_UNUSED_FUNCTION = YES;
				GCC_WARN_UNUSED_VARIABLE = YES;
				IPHONEOS_DEPLOYMENT_TARGET = 16.4;
				MTL_ENABLE_DEBUG_INFO = NO;
				MTL_FAST_MATH = YES;
				SDKROOT = iphoneos;
				SWIFT_COMPILATION_MODE = wholemodule;
				SWIFT_OPTIMIZATION_LEVEL = "-O";
				VALIDATE_PRODUCT = YES;
			};
			name = Release;
		};
		41E7836C2B644ADC00328604 /* Debug */ = {
			isa = XCBuildConfiguration;
			buildSettings = {
				ASSETCATALOG_COMPILER_APPICON_NAME = AppIcon;
				ASSETCATALOG_COMPILER_GLOBAL_ACCENT_COLOR_NAME = AccentColor;
				CODE_SIGN_STYLE = Automatic;
				CURRENT_PROJECT_VERSION = 1;
				DEVELOPMENT_ASSET_PATHS = "\"Sliceit/Preview Content\"";
				DEVELOPMENT_TEAM = 3PJT6K7D54;
				ENABLE_PREVIEWS = YES;
				GENERATE_INFOPLIST_FILE = YES;
				INFOPLIST_KEY_UIApplicationSceneManifest_Generation = YES;
				INFOPLIST_KEY_UIApplicationSupportsIndirectInputEvents = YES;
				INFOPLIST_KEY_UILaunchScreen_Generation = YES;
				INFOPLIST_KEY_UISupportedInterfaceOrientations = UIInterfaceOrientationPortrait;
				IPHONEOS_DEPLOYMENT_TARGET = 15.4;
				LD_RUNPATH_SEARCH_PATHS = (
					"$(inherited)",
					"@executable_path/Frameworks",
				);
				MARKETING_VERSION = 1.0;
				PRODUCT_BUNDLE_IDENTIFIER = io.sliceit.test.Sliceit;
				PRODUCT_NAME = "$(TARGET_NAME)";
				SUPPORTED_PLATFORMS = "iphoneos iphonesimulator";
				SUPPORTS_MACCATALYST = NO;
				SUPPORTS_MAC_DESIGNED_FOR_IPHONE_IPAD = YES;
				SWIFT_EMIT_LOC_STRINGS = YES;
				SWIFT_VERSION = 5.0;
				TARGETED_DEVICE_FAMILY = 1;
			};
			name = Debug;
		};
		41E7836D2B644ADC00328604 /* Release */ = {
			isa = XCBuildConfiguration;
			buildSettings = {
				ASSETCATALOG_COMPILER_APPICON_NAME = AppIcon;
				ASSETCATALOG_COMPILER_GLOBAL_ACCENT_COLOR_NAME = AccentColor;
				CODE_SIGN_STYLE = Automatic;
				CURRENT_PROJECT_VERSION = 1;
				DEVELOPMENT_ASSET_PATHS = "\"Sliceit/Preview Content\"";
				DEVELOPMENT_TEAM = 3PJT6K7D54;
				ENABLE_PREVIEWS = YES;
				GENERATE_INFOPLIST_FILE = YES;
				INFOPLIST_KEY_UIApplicationSceneManifest_Generation = YES;
				INFOPLIST_KEY_UIApplicationSupportsIndirectInputEvents = YES;
				INFOPLIST_KEY_UILaunchScreen_Generation = YES;
				INFOPLIST_KEY_UISupportedInterfaceOrientations = UIInterfaceOrientationPortrait;
				IPHONEOS_DEPLOYMENT_TARGET = 15.4;
				LD_RUNPATH_SEARCH_PATHS = (
					"$(inherited)",
					"@executable_path/Frameworks",
				);
				MARKETING_VERSION = 1.0;
				PRODUCT_BUNDLE_IDENTIFIER = io.sliceit.test.Sliceit;
				PRODUCT_NAME = "$(TARGET_NAME)";
				SUPPORTED_PLATFORMS = "iphoneos iphonesimulator";
				SUPPORTS_MACCATALYST = NO;
				SUPPORTS_MAC_DESIGNED_FOR_IPHONE_IPAD = YES;
				SWIFT_EMIT_LOC_STRINGS = YES;
				SWIFT_VERSION = 5.0;
				TARGETED_DEVICE_FAMILY = 1;
			};
			name = Release;
		};
/* End XCBuildConfiguration section */

/* Begin XCConfigurationList section */
		41E783582B644ADA00328604 /* Build configuration list for PBXProject "Sliceit" */ = {
			isa = XCConfigurationList;
			buildConfigurations = (
				41E783692B644ADC00328604 /* Debug */,
				41E7836A2B644ADC00328604 /* Release */,
			);
			defaultConfigurationIsVisible = 0;
			defaultConfigurationName = Release;
		};
		41E7836B2B644ADC00328604 /* Build configuration list for PBXNativeTarget "Sliceit" */ = {
			isa = XCConfigurationList;
			buildConfigurations = (
				41E7836C2B644ADC00328604 /* Debug */,
				41E7836D2B644ADC00328604 /* Release */,
			);
			defaultConfigurationIsVisible = 0;
			defaultConfigurationName = Release;
		};
/* End XCConfigurationList section */
	};
	rootObject = 41E783552B644ADA00328604 /* Project object */;
}
